// !$*UTF8*$!
{
	archiveVersion = 1;
	classes = {
	};
	objectVersion = 46;
	objects = {

/* Begin PBXBuildFile section */
		153F9586179F9953005B2487 /* center.gif in Resources */ = {isa = PBXBuildFile; fileRef = 153F9556179F9953005B2487 /* center.gif */; };
		153F9587179F9953005B2487 /* colors.jpg in Resources */ = {isa = PBXBuildFile; fileRef = 153F9557179F9953005B2487 /* colors.jpg */; };
		153F9588179F9953005B2487 /* left.gif in Resources */ = {isa = PBXBuildFile; fileRef = 153F9558179F9953005B2487 /* left.gif */; };
		153F9589179F9953005B2487 /* right.gif in Resources */ = {isa = PBXBuildFile; fileRef = 153F9559179F9953005B2487 /* right.gif */; };
		153F958A179F9953005B2487 /* NSAttributedString+RichTextEditor.m in Sources */ = {isa = PBXBuildFile; fileRef = 153F955C179F9953005B2487 /* NSAttributedString+RichTextEditor.m */; };
		153F958B179F9953005B2487 /* UIFont+RichTextEditor.m in Sources */ = {isa = PBXBuildFile; fileRef = 153F955E179F9953005B2487 /* UIFont+RichTextEditor.m */; };
		153F958C179F9953005B2487 /* UIView+RichTextEditor.m in Sources */ = {isa = PBXBuildFile; fileRef = 153F9560179F9953005B2487 /* UIView+RichTextEditor.m */; };
		153F958D179F9953005B2487 /* popoverArrowDown.png in Resources */ = {isa = PBXBuildFile; fileRef = 153F9563179F9953005B2487 /* popoverArrowDown.png */; };
		153F958E179F9953005B2487 /* popoverArrowDown@2x.png in Resources */ = {isa = PBXBuildFile; fileRef = 153F9564179F9953005B2487 /* popoverArrowDown@2x.png */; };
		153F958F179F9953005B2487 /* popoverArrowDownSimple.png in Resources */ = {isa = PBXBuildFile; fileRef = 153F9565179F9953005B2487 /* popoverArrowDownSimple.png */; };
		153F9590179F9953005B2487 /* popoverArrowLeft.png in Resources */ = {isa = PBXBuildFile; fileRef = 153F9566179F9953005B2487 /* popoverArrowLeft.png */; };
		153F9591179F9953005B2487 /* popoverArrowLeft@2x.png in Resources */ = {isa = PBXBuildFile; fileRef = 153F9567179F9953005B2487 /* popoverArrowLeft@2x.png */; };
		153F9592179F9953005B2487 /* popoverArrowLeftSimple.png in Resources */ = {isa = PBXBuildFile; fileRef = 153F9568179F9953005B2487 /* popoverArrowLeftSimple.png */; };
		153F9593179F9953005B2487 /* popoverArrowRight.png in Resources */ = {isa = PBXBuildFile; fileRef = 153F9569179F9953005B2487 /* popoverArrowRight.png */; };
		153F9594179F9953005B2487 /* popoverArrowRight@2x.png in Resources */ = {isa = PBXBuildFile; fileRef = 153F956A179F9953005B2487 /* popoverArrowRight@2x.png */; };
		153F9595179F9953005B2487 /* popoverArrowRightSimple.png in Resources */ = {isa = PBXBuildFile; fileRef = 153F956B179F9953005B2487 /* popoverArrowRightSimple.png */; };
		153F9596179F9953005B2487 /* popoverArrowUp.png in Resources */ = {isa = PBXBuildFile; fileRef = 153F956C179F9953005B2487 /* popoverArrowUp.png */; };
		153F9597179F9953005B2487 /* popoverArrowUp@2x.png in Resources */ = {isa = PBXBuildFile; fileRef = 153F956D179F9953005B2487 /* popoverArrowUp@2x.png */; };
		153F9598179F9953005B2487 /* popoverArrowUpSimple.png in Resources */ = {isa = PBXBuildFile; fileRef = 153F956E179F9953005B2487 /* popoverArrowUpSimple.png */; };
		153F9599179F9953005B2487 /* popoverBg.png in Resources */ = {isa = PBXBuildFile; fileRef = 153F956F179F9953005B2487 /* popoverBg.png */; };
		153F959A179F9953005B2487 /* popoverBg@2x.png in Resources */ = {isa = PBXBuildFile; fileRef = 153F9570179F9953005B2487 /* popoverBg@2x.png */; };
		153F959B179F9953005B2487 /* popoverBgSimple.png in Resources */ = {isa = PBXBuildFile; fileRef = 153F9571179F9953005B2487 /* popoverBgSimple.png */; };
		153F959C179F9953005B2487 /* UIBarButtonItem+WEPopover.m in Sources */ = {isa = PBXBuildFile; fileRef = 153F9573179F9953005B2487 /* UIBarButtonItem+WEPopover.m */; };
		153F959D179F9953005B2487 /* WEPopoverContainerView.m in Sources */ = {isa = PBXBuildFile; fileRef = 153F9575179F9953005B2487 /* WEPopoverContainerView.m */; settings = {COMPILER_FLAGS = "-fno-objc-arc"; }; };
		153F959E179F9953005B2487 /* WEPopoverController.m in Sources */ = {isa = PBXBuildFile; fileRef = 153F9577179F9953005B2487 /* WEPopoverController.m */; settings = {COMPILER_FLAGS = "-fno-objc-arc"; }; };
		153F959F179F9953005B2487 /* WETouchableView.m in Sources */ = {isa = PBXBuildFile; fileRef = 153F957A179F9953005B2487 /* WETouchableView.m */; settings = {COMPILER_FLAGS = "-fno-objc-arc"; }; };
		153F95A0179F9953005B2487 /* RichTextEditor.m in Sources */ = {isa = PBXBuildFile; fileRef = 153F957C179F9953005B2487 /* RichTextEditor.m */; };
		153F95A1179F9953005B2487 /* RichTextEditorColorPickerViewController.m in Sources */ = {isa = PBXBuildFile; fileRef = 153F957E179F9953005B2487 /* RichTextEditorColorPickerViewController.m */; };
		153F95A2179F9953005B2487 /* RichTextEditorFontPickerViewController.m in Sources */ = {isa = PBXBuildFile; fileRef = 153F9580179F9953005B2487 /* RichTextEditorFontPickerViewController.m */; };
		153F95A3179F9953005B2487 /* RichTextEditorFontSizePickerViewController.m in Sources */ = {isa = PBXBuildFile; fileRef = 153F9582179F9953005B2487 /* RichTextEditorFontSizePickerViewController.m */; };
		153F95A4179F9953005B2487 /* RichTextEditorToolbar.m in Sources */ = {isa = PBXBuildFile; fileRef = 153F9585179F9953005B2487 /* RichTextEditorToolbar.m */; };
		158389131735A5D7006DE713 /* UIKit.framework in Frameworks */ = {isa = PBXBuildFile; fileRef = 158389121735A5D7006DE713 /* UIKit.framework */; };
		158389151735A5D7006DE713 /* Foundation.framework in Frameworks */ = {isa = PBXBuildFile; fileRef = 158389141735A5D7006DE713 /* Foundation.framework */; };
		158389171735A5D7006DE713 /* CoreGraphics.framework in Frameworks */ = {isa = PBXBuildFile; fileRef = 158389161735A5D7006DE713 /* CoreGraphics.framework */; };
		1583891D1735A5D7006DE713 /* InfoPlist.strings in Resources */ = {isa = PBXBuildFile; fileRef = 1583891B1735A5D7006DE713 /* InfoPlist.strings */; };
		1583891F1735A5D7006DE713 /* main.m in Sources */ = {isa = PBXBuildFile; fileRef = 1583891E1735A5D7006DE713 /* main.m */; };
		158389231735A5D7006DE713 /* AppDelegate.m in Sources */ = {isa = PBXBuildFile; fileRef = 158389221735A5D7006DE713 /* AppDelegate.m */; };
		158389251735A5D7006DE713 /* Default.png in Resources */ = {isa = PBXBuildFile; fileRef = 158389241735A5D7006DE713 /* Default.png */; };
		158389271735A5D7006DE713 /* Default@2x.png in Resources */ = {isa = PBXBuildFile; fileRef = 158389261735A5D7006DE713 /* Default@2x.png */; };
		158389291735A5D7006DE713 /* Default-568h@2x.png in Resources */ = {isa = PBXBuildFile; fileRef = 158389281735A5D7006DE713 /* Default-568h@2x.png */; };
		1583892C1735A5D7006DE713 /* MainStoryboard_iPhone.storyboard in Resources */ = {isa = PBXBuildFile; fileRef = 1583892A1735A5D7006DE713 /* MainStoryboard_iPhone.storyboard */; };
		1583892F1735A5D7006DE713 /* MainStoryboard_iPad.storyboard in Resources */ = {isa = PBXBuildFile; fileRef = 1583892D1735A5D7006DE713 /* MainStoryboard_iPad.storyboard */; };
		158389321735A5D7006DE713 /* ViewController.m in Sources */ = {isa = PBXBuildFile; fileRef = 158389311735A5D7006DE713 /* ViewController.m */; };
		1583893A1735A5D7006DE713 /* SenTestingKit.framework in Frameworks */ = {isa = PBXBuildFile; fileRef = 158389391735A5D7006DE713 /* SenTestingKit.framework */; };
		1583893B1735A5D7006DE713 /* UIKit.framework in Frameworks */ = {isa = PBXBuildFile; fileRef = 158389121735A5D7006DE713 /* UIKit.framework */; };
		1583893C1735A5D7006DE713 /* Foundation.framework in Frameworks */ = {isa = PBXBuildFile; fileRef = 158389141735A5D7006DE713 /* Foundation.framework */; };
		158389441735A5D7006DE713 /* InfoPlist.strings in Resources */ = {isa = PBXBuildFile; fileRef = 158389421735A5D7006DE713 /* InfoPlist.strings */; };
		158389471735A5D7006DE713 /* RichTextEditorTests.m in Sources */ = {isa = PBXBuildFile; fileRef = 158389461735A5D7006DE713 /* RichTextEditorTests.m */; };
		1583895A1735D7F4006DE713 /* CoreText.framework in Frameworks */ = {isa = PBXBuildFile; fileRef = 158389591735D7F4006DE713 /* CoreText.framework */; };
/* End PBXBuildFile section */

/* Begin PBXContainerItemProxy section */
		1583893D1735A5D7006DE713 /* PBXContainerItemProxy */ = {
			isa = PBXContainerItemProxy;
			containerPortal = 158389051735A5D7006DE713 /* Project object */;
			proxyType = 1;
			remoteGlobalIDString = 1583890D1735A5D7006DE713;
			remoteInfo = RichTextEditor;
		};
/* End PBXContainerItemProxy section */

/* Begin PBXFileReference section */
		153F9556179F9953005B2487 /* center.gif */ = {isa = PBXFileReference; lastKnownFileType = image.gif; path = center.gif; sourceTree = "<group>"; };
		153F9557179F9953005B2487 /* colors.jpg */ = {isa = PBXFileReference; lastKnownFileType = image.jpeg; path = colors.jpg; sourceTree = "<group>"; };
		153F9558179F9953005B2487 /* left.gif */ = {isa = PBXFileReference; lastKnownFileType = image.gif; path = left.gif; sourceTree = "<group>"; };
		153F9559179F9953005B2487 /* right.gif */ = {isa = PBXFileReference; lastKnownFileType = image.gif; path = right.gif; sourceTree = "<group>"; };
		153F955B179F9953005B2487 /* NSAttributedString+RichTextEditor.h */ = {isa = PBXFileReference; fileEncoding = 4; lastKnownFileType = sourcecode.c.h; path = "NSAttributedString+RichTextEditor.h"; sourceTree = "<group>"; };
		153F955C179F9953005B2487 /* NSAttributedString+RichTextEditor.m */ = {isa = PBXFileReference; fileEncoding = 4; lastKnownFileType = sourcecode.c.objc; path = "NSAttributedString+RichTextEditor.m"; sourceTree = "<group>"; };
		153F955D179F9953005B2487 /* UIFont+RichTextEditor.h */ = {isa = PBXFileReference; fileEncoding = 4; lastKnownFileType = sourcecode.c.h; path = "UIFont+RichTextEditor.h"; sourceTree = "<group>"; };
		153F955E179F9953005B2487 /* UIFont+RichTextEditor.m */ = {isa = PBXFileReference; fileEncoding = 4; lastKnownFileType = sourcecode.c.objc; path = "UIFont+RichTextEditor.m"; sourceTree = "<group>"; };
		153F955F179F9953005B2487 /* UIView+RichTextEditor.h */ = {isa = PBXFileReference; fileEncoding = 4; lastKnownFileType = sourcecode.c.h; path = "UIView+RichTextEditor.h"; sourceTree = "<group>"; };
		153F9560179F9953005B2487 /* UIView+RichTextEditor.m */ = {isa = PBXFileReference; fileEncoding = 4; lastKnownFileType = sourcecode.c.objc; path = "UIView+RichTextEditor.m"; sourceTree = "<group>"; };
		153F9563179F9953005B2487 /* popoverArrowDown.png */ = {isa = PBXFileReference; lastKnownFileType = image.png; path = popoverArrowDown.png; sourceTree = "<group>"; };
		153F9564179F9953005B2487 /* popoverArrowDown@2x.png */ = {isa = PBXFileReference; lastKnownFileType = image.png; path = "popoverArrowDown@2x.png"; sourceTree = "<group>"; };
		153F9565179F9953005B2487 /* popoverArrowDownSimple.png */ = {isa = PBXFileReference; lastKnownFileType = image.png; path = popoverArrowDownSimple.png; sourceTree = "<group>"; };
		153F9566179F9953005B2487 /* popoverArrowLeft.png */ = {isa = PBXFileReference; lastKnownFileType = image.png; path = popoverArrowLeft.png; sourceTree = "<group>"; };
		153F9567179F9953005B2487 /* popoverArrowLeft@2x.png */ = {isa = PBXFileReference; lastKnownFileType = image.png; path = "popoverArrowLeft@2x.png"; sourceTree = "<group>"; };
		153F9568179F9953005B2487 /* popoverArrowLeftSimple.png */ = {isa = PBXFileReference; lastKnownFileType = image.png; path = popoverArrowLeftSimple.png; sourceTree = "<group>"; };
		153F9569179F9953005B2487 /* popoverArrowRight.png */ = {isa = PBXFileReference; lastKnownFileType = image.png; path = popoverArrowRight.png; sourceTree = "<group>"; };
		153F956A179F9953005B2487 /* popoverArrowRight@2x.png */ = {isa = PBXFileReference; lastKnownFileType = image.png; path = "popoverArrowRight@2x.png"; sourceTree = "<group>"; };
		153F956B179F9953005B2487 /* popoverArrowRightSimple.png */ = {isa = PBXFileReference; lastKnownFileType = image.png; path = popoverArrowRightSimple.png; sourceTree = "<group>"; };
		153F956C179F9953005B2487 /* popoverArrowUp.png */ = {isa = PBXFileReference; lastKnownFileType = image.png; path = popoverArrowUp.png; sourceTree = "<group>"; };
		153F956D179F9953005B2487 /* popoverArrowUp@2x.png */ = {isa = PBXFileReference; lastKnownFileType = image.png; path = "popoverArrowUp@2x.png"; sourceTree = "<group>"; };
		153F956E179F9953005B2487 /* popoverArrowUpSimple.png */ = {isa = PBXFileReference; lastKnownFileType = image.png; path = popoverArrowUpSimple.png; sourceTree = "<group>"; };
		153F956F179F9953005B2487 /* popoverBg.png */ = {isa = PBXFileReference; lastKnownFileType = image.png; path = popoverBg.png; sourceTree = "<group>"; };
		153F9570179F9953005B2487 /* popoverBg@2x.png */ = {isa = PBXFileReference; lastKnownFileType = image.png; path = "popoverBg@2x.png"; sourceTree = "<group>"; };
		153F9571179F9953005B2487 /* popoverBgSimple.png */ = {isa = PBXFileReference; lastKnownFileType = image.png; path = popoverBgSimple.png; sourceTree = "<group>"; };
		153F9572179F9953005B2487 /* UIBarButtonItem+WEPopover.h */ = {isa = PBXFileReference; fileEncoding = 4; lastKnownFileType = sourcecode.c.h; path = "UIBarButtonItem+WEPopover.h"; sourceTree = "<group>"; };
		153F9573179F9953005B2487 /* UIBarButtonItem+WEPopover.m */ = {isa = PBXFileReference; fileEncoding = 4; lastKnownFileType = sourcecode.c.objc; path = "UIBarButtonItem+WEPopover.m"; sourceTree = "<group>"; };
		153F9574179F9953005B2487 /* WEPopoverContainerView.h */ = {isa = PBXFileReference; fileEncoding = 4; lastKnownFileType = sourcecode.c.h; path = WEPopoverContainerView.h; sourceTree = "<group>"; };
		153F9575179F9953005B2487 /* WEPopoverContainerView.m */ = {isa = PBXFileReference; fileEncoding = 4; lastKnownFileType = sourcecode.c.objc; path = WEPopoverContainerView.m; sourceTree = "<group>"; };
		153F9576179F9953005B2487 /* WEPopoverController.h */ = {isa = PBXFileReference; fileEncoding = 4; lastKnownFileType = sourcecode.c.h; path = WEPopoverController.h; sourceTree = "<group>"; };
		153F9577179F9953005B2487 /* WEPopoverController.m */ = {isa = PBXFileReference; fileEncoding = 4; lastKnownFileType = sourcecode.c.objc; path = WEPopoverController.m; sourceTree = "<group>"; };
		153F9578179F9953005B2487 /* WEPopoverParentView.h */ = {isa = PBXFileReference; fileEncoding = 4; lastKnownFileType = sourcecode.c.h; path = WEPopoverParentView.h; sourceTree = "<group>"; };
		153F9579179F9953005B2487 /* WETouchableView.h */ = {isa = PBXFileReference; fileEncoding = 4; lastKnownFileType = sourcecode.c.h; path = WETouchableView.h; sourceTree = "<group>"; };
		153F957A179F9953005B2487 /* WETouchableView.m */ = {isa = PBXFileReference; fileEncoding = 4; lastKnownFileType = sourcecode.c.objc; path = WETouchableView.m; sourceTree = "<group>"; };
		153F957B179F9953005B2487 /* RichTextEditor.h */ = {isa = PBXFileReference; fileEncoding = 4; lastKnownFileType = sourcecode.c.h; path = RichTextEditor.h; sourceTree = "<group>"; };
		153F957C179F9953005B2487 /* RichTextEditor.m */ = {isa = PBXFileReference; fileEncoding = 4; lastKnownFileType = sourcecode.c.objc; path = RichTextEditor.m; sourceTree = "<group>"; };
		153F957D179F9953005B2487 /* RichTextEditorColorPickerViewController.h */ = {isa = PBXFileReference; fileEncoding = 4; lastKnownFileType = sourcecode.c.h; path = RichTextEditorColorPickerViewController.h; sourceTree = "<group>"; };
		153F957E179F9953005B2487 /* RichTextEditorColorPickerViewController.m */ = {isa = PBXFileReference; fileEncoding = 4; lastKnownFileType = sourcecode.c.objc; path = RichTextEditorColorPickerViewController.m; sourceTree = "<group>"; };
		153F957F179F9953005B2487 /* RichTextEditorFontPickerViewController.h */ = {isa = PBXFileReference; fileEncoding = 4; lastKnownFileType = sourcecode.c.h; path = RichTextEditorFontPickerViewController.h; sourceTree = "<group>"; };
		153F9580179F9953005B2487 /* RichTextEditorFontPickerViewController.m */ = {isa = PBXFileReference; fileEncoding = 4; lastKnownFileType = sourcecode.c.objc; path = RichTextEditorFontPickerViewController.m; sourceTree = "<group>"; };
		153F9581179F9953005B2487 /* RichTextEditorFontSizePickerViewController.h */ = {isa = PBXFileReference; fileEncoding = 4; lastKnownFileType = sourcecode.c.h; path = RichTextEditorFontSizePickerViewController.h; sourceTree = "<group>"; };
		153F9582179F9953005B2487 /* RichTextEditorFontSizePickerViewController.m */ = {isa = PBXFileReference; fileEncoding = 4; lastKnownFileType = sourcecode.c.objc; path = RichTextEditorFontSizePickerViewController.m; sourceTree = "<group>"; };
		153F9583179F9953005B2487 /* RichTextEditorPopover.h */ = {isa = PBXFileReference; fileEncoding = 4; lastKnownFileType = sourcecode.c.h; path = RichTextEditorPopover.h; sourceTree = "<group>"; };
		153F9584179F9953005B2487 /* RichTextEditorToolbar.h */ = {isa = PBXFileReference; fileEncoding = 4; lastKnownFileType = sourcecode.c.h; path = RichTextEditorToolbar.h; sourceTree = "<group>"; };
		153F9585179F9953005B2487 /* RichTextEditorToolbar.m */ = {isa = PBXFileReference; fileEncoding = 4; lastKnownFileType = sourcecode.c.objc; path = RichTextEditorToolbar.m; sourceTree = "<group>"; };
		1583890E1735A5D7006DE713 /* RichTextEditor.app */ = {isa = PBXFileReference; explicitFileType = wrapper.application; includeInIndex = 0; path = RichTextEditor.app; sourceTree = BUILT_PRODUCTS_DIR; };
		158389121735A5D7006DE713 /* UIKit.framework */ = {isa = PBXFileReference; lastKnownFileType = wrapper.framework; name = UIKit.framework; path = System/Library/Frameworks/UIKit.framework; sourceTree = SDKROOT; };
		158389141735A5D7006DE713 /* Foundation.framework */ = {isa = PBXFileReference; lastKnownFileType = wrapper.framework; name = Foundation.framework; path = System/Library/Frameworks/Foundation.framework; sourceTree = SDKROOT; };
		158389161735A5D7006DE713 /* CoreGraphics.framework */ = {isa = PBXFileReference; lastKnownFileType = wrapper.framework; name = CoreGraphics.framework; path = System/Library/Frameworks/CoreGraphics.framework; sourceTree = SDKROOT; };
		1583891A1735A5D7006DE713 /* RichTextEditor-Info.plist */ = {isa = PBXFileReference; lastKnownFileType = text.plist.xml; path = "RichTextEditor-Info.plist"; sourceTree = "<group>"; };
		1583891C1735A5D7006DE713 /* en */ = {isa = PBXFileReference; lastKnownFileType = text.plist.strings; name = en; path = en.lproj/InfoPlist.strings; sourceTree = "<group>"; };
		1583891E1735A5D7006DE713 /* main.m */ = {isa = PBXFileReference; lastKnownFileType = sourcecode.c.objc; path = main.m; sourceTree = "<group>"; };
		158389201735A5D7006DE713 /* RichTextEditor-Prefix.pch */ = {isa = PBXFileReference; lastKnownFileType = sourcecode.c.h; path = "RichTextEditor-Prefix.pch"; sourceTree = "<group>"; };
		158389211735A5D7006DE713 /* AppDelegate.h */ = {isa = PBXFileReference; lastKnownFileType = sourcecode.c.h; path = AppDelegate.h; sourceTree = "<group>"; };
		158389221735A5D7006DE713 /* AppDelegate.m */ = {isa = PBXFileReference; lastKnownFileType = sourcecode.c.objc; path = AppDelegate.m; sourceTree = "<group>"; };
		158389241735A5D7006DE713 /* Default.png */ = {isa = PBXFileReference; lastKnownFileType = image.png; path = Default.png; sourceTree = "<group>"; };
		158389261735A5D7006DE713 /* Default@2x.png */ = {isa = PBXFileReference; lastKnownFileType = image.png; path = "Default@2x.png"; sourceTree = "<group>"; };
		158389281735A5D7006DE713 /* Default-568h@2x.png */ = {isa = PBXFileReference; lastKnownFileType = image.png; path = "Default-568h@2x.png"; sourceTree = "<group>"; };
		1583892B1735A5D7006DE713 /* en */ = {isa = PBXFileReference; lastKnownFileType = file.storyboard; name = en; path = en.lproj/MainStoryboard_iPhone.storyboard; sourceTree = "<group>"; };
		1583892E1735A5D7006DE713 /* en */ = {isa = PBXFileReference; lastKnownFileType = file.storyboard; name = en; path = en.lproj/MainStoryboard_iPad.storyboard; sourceTree = "<group>"; };
		158389301735A5D7006DE713 /* ViewController.h */ = {isa = PBXFileReference; lastKnownFileType = sourcecode.c.h; path = ViewController.h; sourceTree = "<group>"; };
		158389311735A5D7006DE713 /* ViewController.m */ = {isa = PBXFileReference; lastKnownFileType = sourcecode.c.objc; path = ViewController.m; sourceTree = "<group>"; };
		158389381735A5D7006DE713 /* RichTextEditorTests.octest */ = {isa = PBXFileReference; explicitFileType = wrapper.cfbundle; includeInIndex = 0; path = RichTextEditorTests.octest; sourceTree = BUILT_PRODUCTS_DIR; };
		158389391735A5D7006DE713 /* SenTestingKit.framework */ = {isa = PBXFileReference; lastKnownFileType = wrapper.framework; name = SenTestingKit.framework; path = Library/Frameworks/SenTestingKit.framework; sourceTree = DEVELOPER_DIR; };
		158389411735A5D7006DE713 /* RichTextEditorTests-Info.plist */ = {isa = PBXFileReference; lastKnownFileType = text.plist.xml; path = "RichTextEditorTests-Info.plist"; sourceTree = "<group>"; };
		158389431735A5D7006DE713 /* en */ = {isa = PBXFileReference; lastKnownFileType = text.plist.strings; name = en; path = en.lproj/InfoPlist.strings; sourceTree = "<group>"; };
		158389451735A5D7006DE713 /* RichTextEditorTests.h */ = {isa = PBXFileReference; lastKnownFileType = sourcecode.c.h; path = RichTextEditorTests.h; sourceTree = "<group>"; };
		158389461735A5D7006DE713 /* RichTextEditorTests.m */ = {isa = PBXFileReference; lastKnownFileType = sourcecode.c.objc; path = RichTextEditorTests.m; sourceTree = "<group>"; };
		158389591735D7F4006DE713 /* CoreText.framework */ = {isa = PBXFileReference; lastKnownFileType = wrapper.framework; name = CoreText.framework; path = System/Library/Frameworks/CoreText.framework; sourceTree = SDKROOT; };
/* End PBXFileReference section */

/* Begin PBXFrameworksBuildPhase section */
		1583890B1735A5D7006DE713 /* Frameworks */ = {
			isa = PBXFrameworksBuildPhase;
			buildActionMask = 2147483647;
			files = (
				1583895A1735D7F4006DE713 /* CoreText.framework in Frameworks */,
				158389131735A5D7006DE713 /* UIKit.framework in Frameworks */,
				158389151735A5D7006DE713 /* Foundation.framework in Frameworks */,
				158389171735A5D7006DE713 /* CoreGraphics.framework in Frameworks */,
			);
			runOnlyForDeploymentPostprocessing = 0;
		};
		158389341735A5D7006DE713 /* Frameworks */ = {
			isa = PBXFrameworksBuildPhase;
			buildActionMask = 2147483647;
			files = (
				1583893A1735A5D7006DE713 /* SenTestingKit.framework in Frameworks */,
				1583893B1735A5D7006DE713 /* UIKit.framework in Frameworks */,
				1583893C1735A5D7006DE713 /* Foundation.framework in Frameworks */,
			);
			runOnlyForDeploymentPostprocessing = 0;
		};
/* End PBXFrameworksBuildPhase section */

/* Begin PBXGroup section */
		153F9554179F9953005B2487 /* Source */ = {
			isa = PBXGroup;
			children = (
				153F9555179F9953005B2487 /* Assets */,
				153F955A179F9953005B2487 /* Categories */,
				153F9561179F9953005B2487 /* iphone Popover */,
				153F957B179F9953005B2487 /* RichTextEditor.h */,
				153F957C179F9953005B2487 /* RichTextEditor.m */,
				153F957D179F9953005B2487 /* RichTextEditorColorPickerViewController.h */,
				153F957E179F9953005B2487 /* RichTextEditorColorPickerViewController.m */,
				153F957F179F9953005B2487 /* RichTextEditorFontPickerViewController.h */,
				153F9580179F9953005B2487 /* RichTextEditorFontPickerViewController.m */,
				153F9581179F9953005B2487 /* RichTextEditorFontSizePickerViewController.h */,
				153F9582179F9953005B2487 /* RichTextEditorFontSizePickerViewController.m */,
				153F9583179F9953005B2487 /* RichTextEditorPopover.h */,
				153F9584179F9953005B2487 /* RichTextEditorToolbar.h */,
				153F9585179F9953005B2487 /* RichTextEditorToolbar.m */,
			);
			path = Source;
			sourceTree = "<group>";
		};
		153F9555179F9953005B2487 /* Assets */ = {
			isa = PBXGroup;
			children = (
				153F9556179F9953005B2487 /* center.gif */,
				153F9557179F9953005B2487 /* colors.jpg */,
				153F9558179F9953005B2487 /* left.gif */,
				153F9559179F9953005B2487 /* right.gif */,
			);
			path = Assets;
			sourceTree = "<group>";
		};
		153F955A179F9953005B2487 /* Categories */ = {
			isa = PBXGroup;
			children = (
				153F955B179F9953005B2487 /* NSAttributedString+RichTextEditor.h */,
				153F955C179F9953005B2487 /* NSAttributedString+RichTextEditor.m */,
				153F955D179F9953005B2487 /* UIFont+RichTextEditor.h */,
				153F955E179F9953005B2487 /* UIFont+RichTextEditor.m */,
				153F955F179F9953005B2487 /* UIView+RichTextEditor.h */,
				153F9560179F9953005B2487 /* UIView+RichTextEditor.m */,
			);
			path = Categories;
			sourceTree = "<group>";
		};
		153F9561179F9953005B2487 /* iphone Popover */ = {
			isa = PBXGroup;
			children = (
				153F9562179F9953005B2487 /* Assets */,
				153F9572179F9953005B2487 /* UIBarButtonItem+WEPopover.h */,
				153F9573179F9953005B2487 /* UIBarButtonItem+WEPopover.m */,
				153F9574179F9953005B2487 /* WEPopoverContainerView.h */,
				153F9575179F9953005B2487 /* WEPopoverContainerView.m */,
				153F9576179F9953005B2487 /* WEPopoverController.h */,
				153F9577179F9953005B2487 /* WEPopoverController.m */,
				153F9578179F9953005B2487 /* WEPopoverParentView.h */,
				153F9579179F9953005B2487 /* WETouchableView.h */,
				153F957A179F9953005B2487 /* WETouchableView.m */,
			);
			path = "iphone Popover";
			sourceTree = "<group>";
		};
		153F9562179F9953005B2487 /* Assets */ = {
			isa = PBXGroup;
			children = (
				153F9563179F9953005B2487 /* popoverArrowDown.png */,
				153F9564179F9953005B2487 /* popoverArrowDown@2x.png */,
				153F9565179F9953005B2487 /* popoverArrowDownSimple.png */,
				153F9566179F9953005B2487 /* popoverArrowLeft.png */,
				153F9567179F9953005B2487 /* popoverArrowLeft@2x.png */,
				153F9568179F9953005B2487 /* popoverArrowLeftSimple.png */,
				153F9569179F9953005B2487 /* popoverArrowRight.png */,
				153F956A179F9953005B2487 /* popoverArrowRight@2x.png */,
				153F956B179F9953005B2487 /* popoverArrowRightSimple.png */,
				153F956C179F9953005B2487 /* popoverArrowUp.png */,
				153F956D179F9953005B2487 /* popoverArrowUp@2x.png */,
				153F956E179F9953005B2487 /* popoverArrowUpSimple.png */,
				153F956F179F9953005B2487 /* popoverBg.png */,
				153F9570179F9953005B2487 /* popoverBg@2x.png */,
				153F9571179F9953005B2487 /* popoverBgSimple.png */,
			);
			path = Assets;
			sourceTree = "<group>";
		};
		158389031735A5D7006DE713 = {
			isa = PBXGroup;
			children = (
				158389181735A5D7006DE713 /* RichTextEditor */,
				1583893F1735A5D7006DE713 /* RichTextEditorTests */,
				158389111735A5D7006DE713 /* Frameworks */,
				1583890F1735A5D7006DE713 /* Products */,
			);
			sourceTree = "<group>";
		};
		1583890F1735A5D7006DE713 /* Products */ = {
			isa = PBXGroup;
			children = (
				1583890E1735A5D7006DE713 /* RichTextEditor.app */,
				158389381735A5D7006DE713 /* RichTextEditorTests.octest */,
			);
			name = Products;
			sourceTree = "<group>";
		};
		158389111735A5D7006DE713 /* Frameworks */ = {
			isa = PBXGroup;
			children = (
				158389591735D7F4006DE713 /* CoreText.framework */,
				158389121735A5D7006DE713 /* UIKit.framework */,
				158389141735A5D7006DE713 /* Foundation.framework */,
				158389161735A5D7006DE713 /* CoreGraphics.framework */,
				158389391735A5D7006DE713 /* SenTestingKit.framework */,
			);
			name = Frameworks;
			sourceTree = "<group>";
		};
		158389181735A5D7006DE713 /* RichTextEditor */ = {
			isa = PBXGroup;
			children = (
				153F9554179F9953005B2487 /* Source */,
				158389211735A5D7006DE713 /* AppDelegate.h */,
				158389221735A5D7006DE713 /* AppDelegate.m */,
				1583892A1735A5D7006DE713 /* MainStoryboard_iPhone.storyboard */,
				1583892D1735A5D7006DE713 /* MainStoryboard_iPad.storyboard */,
				158389301735A5D7006DE713 /* ViewController.h */,
				158389311735A5D7006DE713 /* ViewController.m */,
				158389191735A5D7006DE713 /* Supporting Files */,
			);
			path = RichTextEditor;
			sourceTree = "<group>";
		};
		158389191735A5D7006DE713 /* Supporting Files */ = {
			isa = PBXGroup;
			children = (
				1583891A1735A5D7006DE713 /* RichTextEditor-Info.plist */,
				1583891B1735A5D7006DE713 /* InfoPlist.strings */,
				1583891E1735A5D7006DE713 /* main.m */,
				158389201735A5D7006DE713 /* RichTextEditor-Prefix.pch */,
				158389241735A5D7006DE713 /* Default.png */,
				158389261735A5D7006DE713 /* Default@2x.png */,
				158389281735A5D7006DE713 /* Default-568h@2x.png */,
			);
			name = "Supporting Files";
			sourceTree = "<group>";
		};
		1583893F1735A5D7006DE713 /* RichTextEditorTests */ = {
			isa = PBXGroup;
			children = (
				158389451735A5D7006DE713 /* RichTextEditorTests.h */,
				158389461735A5D7006DE713 /* RichTextEditorTests.m */,
				158389401735A5D7006DE713 /* Supporting Files */,
			);
			path = RichTextEditorTests;
			sourceTree = "<group>";
		};
		158389401735A5D7006DE713 /* Supporting Files */ = {
			isa = PBXGroup;
			children = (
				158389411735A5D7006DE713 /* RichTextEditorTests-Info.plist */,
				158389421735A5D7006DE713 /* InfoPlist.strings */,
			);
			name = "Supporting Files";
			sourceTree = "<group>";
		};
/* End PBXGroup section */

/* Begin PBXNativeTarget section */
		1583890D1735A5D7006DE713 /* RichTextEditor */ = {
			isa = PBXNativeTarget;
			buildConfigurationList = 1583894A1735A5D7006DE713 /* Build configuration list for PBXNativeTarget "RichTextEditor" */;
			buildPhases = (
				1583890A1735A5D7006DE713 /* Sources */,
				1583890B1735A5D7006DE713 /* Frameworks */,
				1583890C1735A5D7006DE713 /* Resources */,
			);
			buildRules = (
			);
			dependencies = (
			);
			name = RichTextEditor;
			productName = RichTextEditor;
			productReference = 1583890E1735A5D7006DE713 /* RichTextEditor.app */;
			productType = "com.apple.product-type.application";
		};
		158389371735A5D7006DE713 /* RichTextEditorTests */ = {
			isa = PBXNativeTarget;
			buildConfigurationList = 1583894D1735A5D7006DE713 /* Build configuration list for PBXNativeTarget "RichTextEditorTests" */;
			buildPhases = (
				158389331735A5D7006DE713 /* Sources */,
				158389341735A5D7006DE713 /* Frameworks */,
				158389351735A5D7006DE713 /* Resources */,
				158389361735A5D7006DE713 /* ShellScript */,
			);
			buildRules = (
			);
			dependencies = (
				1583893E1735A5D7006DE713 /* PBXTargetDependency */,
			);
			name = RichTextEditorTests;
			productName = RichTextEditorTests;
			productReference = 158389381735A5D7006DE713 /* RichTextEditorTests.octest */;
			productType = "com.apple.product-type.bundle";
		};
/* End PBXNativeTarget section */

/* Begin PBXProject section */
		158389051735A5D7006DE713 /* Project object */ = {
			isa = PBXProject;
			attributes = {
				LastUpgradeCheck = 0450;
				ORGANIZATIONNAME = "Aryan Ghassemi";
			};
			buildConfigurationList = 158389081735A5D7006DE713 /* Build configuration list for PBXProject "RichTextEditor" */;
			compatibilityVersion = "Xcode 3.2";
			developmentRegion = English;
			hasScannedForEncodings = 0;
			knownRegions = (
				en,
			);
			mainGroup = 158389031735A5D7006DE713;
			productRefGroup = 1583890F1735A5D7006DE713 /* Products */;
			projectDirPath = "";
			projectRoot = "";
			targets = (
				1583890D1735A5D7006DE713 /* RichTextEditor */,
				158389371735A5D7006DE713 /* RichTextEditorTests */,
			);
		};
/* End PBXProject section */

/* Begin PBXResourcesBuildPhase section */
		1583890C1735A5D7006DE713 /* Resources */ = {
			isa = PBXResourcesBuildPhase;
			buildActionMask = 2147483647;
			files = (
				1583891D1735A5D7006DE713 /* InfoPlist.strings in Resources */,
				153F959A179F9953005B2487 /* popoverBg@2x.png in Resources */,
				153F9586179F9953005B2487 /* center.gif in Resources */,
				153F958E179F9953005B2487 /* popoverArrowDown@2x.png in Resources */,
				153F958F179F9953005B2487 /* popoverArrowDownSimple.png in Resources */,
				153F9591179F9953005B2487 /* popoverArrowLeft@2x.png in Resources */,
				153F958D179F9953005B2487 /* popoverArrowDown.png in Resources */,
				153F9593179F9953005B2487 /* popoverArrowRight.png in Resources */,
				158389251735A5D7006DE713 /* Default.png in Resources */,
				153F9597179F9953005B2487 /* popoverArrowUp@2x.png in Resources */,
				153F9587179F9953005B2487 /* colors.jpg in Resources */,
				153F9592179F9953005B2487 /* popoverArrowLeftSimple.png in Resources */,
				158389271735A5D7006DE713 /* Default@2x.png in Resources */,
				153F9594179F9953005B2487 /* popoverArrowRight@2x.png in Resources */,
				153F9596179F9953005B2487 /* popoverArrowUp.png in Resources */,
				158389291735A5D7006DE713 /* Default-568h@2x.png in Resources */,
				1583892C1735A5D7006DE713 /* MainStoryboard_iPhone.storyboard in Resources */,
				153F9599179F9953005B2487 /* popoverBg.png in Resources */,
				153F9590179F9953005B2487 /* popoverArrowLeft.png in Resources */,
				153F9588179F9953005B2487 /* left.gif in Resources */,
				153F9598179F9953005B2487 /* popoverArrowUpSimple.png in Resources */,
				153F959B179F9953005B2487 /* popoverBgSimple.png in Resources */,
				153F9595179F9953005B2487 /* popoverArrowRightSimple.png in Resources */,
				1583892F1735A5D7006DE713 /* MainStoryboard_iPad.storyboard in Resources */,
				153F9589179F9953005B2487 /* right.gif in Resources */,
			);
			runOnlyForDeploymentPostprocessing = 0;
		};
		158389351735A5D7006DE713 /* Resources */ = {
			isa = PBXResourcesBuildPhase;
			buildActionMask = 2147483647;
			files = (
				158389441735A5D7006DE713 /* InfoPlist.strings in Resources */,
			);
			runOnlyForDeploymentPostprocessing = 0;
		};
/* End PBXResourcesBuildPhase section */

/* Begin PBXShellScriptBuildPhase section */
		158389361735A5D7006DE713 /* ShellScript */ = {
			isa = PBXShellScriptBuildPhase;
			buildActionMask = 2147483647;
			files = (
			);
			inputPaths = (
			);
			outputPaths = (
			);
			runOnlyForDeploymentPostprocessing = 0;
			shellPath = /bin/sh;
			shellScript = "# Run the unit tests in this test bundle.\n\"${SYSTEM_DEVELOPER_DIR}/Tools/RunUnitTests\"\n";
		};
/* End PBXShellScriptBuildPhase section */

/* Begin PBXSourcesBuildPhase section */
		1583890A1735A5D7006DE713 /* Sources */ = {
			isa = PBXSourcesBuildPhase;
			buildActionMask = 2147483647;
			files = (
				153F959D179F9953005B2487 /* WEPopoverContainerView.m in Sources */,
				153F95A4179F9953005B2487 /* RichTextEditorToolbar.m in Sources */,
				153F959C179F9953005B2487 /* UIBarButtonItem+WEPopover.m in Sources */,
				153F95A3179F9953005B2487 /* RichTextEditorFontSizePickerViewController.m in Sources */,
				153F958B179F9953005B2487 /* UIFont+RichTextEditor.m in Sources */,
				1583891F1735A5D7006DE713 /* main.m in Sources */,
				153F959E179F9953005B2487 /* WEPopoverController.m in Sources */,
				153F95A2179F9953005B2487 /* RichTextEditorFontPickerViewController.m in Sources */,
				153F95A0179F9953005B2487 /* RichTextEditor.m in Sources */,
				153F958C179F9953005B2487 /* UIView+RichTextEditor.m in Sources */,
				153F959F179F9953005B2487 /* WETouchableView.m in Sources */,
				158389231735A5D7006DE713 /* AppDelegate.m in Sources */,
				158389321735A5D7006DE713 /* ViewController.m in Sources */,
				153F95A1179F9953005B2487 /* RichTextEditorColorPickerViewController.m in Sources */,
				153F958A179F9953005B2487 /* NSAttributedString+RichTextEditor.m in Sources */,
			);
			runOnlyForDeploymentPostprocessing = 0;
		};
		158389331735A5D7006DE713 /* Sources */ = {
			isa = PBXSourcesBuildPhase;
			buildActionMask = 2147483647;
			files = (
				158389471735A5D7006DE713 /* RichTextEditorTests.m in Sources */,
			);
			runOnlyForDeploymentPostprocessing = 0;
		};
/* End PBXSourcesBuildPhase section */

/* Begin PBXTargetDependency section */
		1583893E1735A5D7006DE713 /* PBXTargetDependency */ = {
			isa = PBXTargetDependency;
			target = 1583890D1735A5D7006DE713 /* RichTextEditor */;
			targetProxy = 1583893D1735A5D7006DE713 /* PBXContainerItemProxy */;
		};
/* End PBXTargetDependency section */

/* Begin PBXVariantGroup section */
		1583891B1735A5D7006DE713 /* InfoPlist.strings */ = {
			isa = PBXVariantGroup;
			children = (
				1583891C1735A5D7006DE713 /* en */,
			);
			name = InfoPlist.strings;
			sourceTree = "<group>";
		};
		1583892A1735A5D7006DE713 /* MainStoryboard_iPhone.storyboard */ = {
			isa = PBXVariantGroup;
			children = (
				1583892B1735A5D7006DE713 /* en */,
			);
			name = MainStoryboard_iPhone.storyboard;
			sourceTree = "<group>";
		};
		1583892D1735A5D7006DE713 /* MainStoryboard_iPad.storyboard */ = {
			isa = PBXVariantGroup;
			children = (
				1583892E1735A5D7006DE713 /* en */,
			);
			name = MainStoryboard_iPad.storyboard;
			sourceTree = "<group>";
		};
		158389421735A5D7006DE713 /* InfoPlist.strings */ = {
			isa = PBXVariantGroup;
			children = (
				158389431735A5D7006DE713 /* en */,
			);
			name = InfoPlist.strings;
			sourceTree = "<group>";
		};
/* End PBXVariantGroup section */

/* Begin XCBuildConfiguration section */
		158389481735A5D7006DE713 /* Debug */ = {
			isa = XCBuildConfiguration;
			buildSettings = {
				ALWAYS_SEARCH_USER_PATHS = NO;
				CLANG_CXX_LANGUAGE_STANDARD = "gnu++0x";
				CLANG_CXX_LIBRARY = "libc++";
				CLANG_ENABLE_OBJC_ARC = YES;
				CLANG_WARN_EMPTY_BODY = YES;
				CLANG_WARN__DUPLICATE_METHOD_MATCH = YES;
				"CODE_SIGN_IDENTITY[sdk=iphoneos*]" = "iPhone Developer";
				COPY_PHASE_STRIP = NO;
				GCC_C_LANGUAGE_STANDARD = gnu99;
				GCC_DYNAMIC_NO_PIC = NO;
				GCC_OPTIMIZATION_LEVEL = 0;
				GCC_PREPROCESSOR_DEFINITIONS = (
					"DEBUG=1",
					"$(inherited)",
				);
				GCC_SYMBOLS_PRIVATE_EXTERN = NO;
				GCC_WARN_ABOUT_RETURN_TYPE = YES;
				GCC_WARN_UNINITIALIZED_AUTOS = YES;
				GCC_WARN_UNUSED_VARIABLE = YES;
				IPHONEOS_DEPLOYMENT_TARGET = 6.0;
				SDKROOT = iphoneos;
				TARGETED_DEVICE_FAMILY = "1,2";
			};
			name = Debug;
		};
		158389491735A5D7006DE713 /* Release */ = {
			isa = XCBuildConfiguration;
			buildSettings = {
				ALWAYS_SEARCH_USER_PATHS = NO;
				CLANG_CXX_LANGUAGE_STANDARD = "gnu++0x";
				CLANG_CXX_LIBRARY = "libc++";
				CLANG_ENABLE_OBJC_ARC = YES;
				CLANG_WARN_EMPTY_BODY = YES;
				CLANG_WARN__DUPLICATE_METHOD_MATCH = YES;
				"CODE_SIGN_IDENTITY[sdk=iphoneos*]" = "iPhone Developer";
				COPY_PHASE_STRIP = YES;
				GCC_C_LANGUAGE_STANDARD = gnu99;
				GCC_WARN_ABOUT_RETURN_TYPE = YES;
				GCC_WARN_UNINITIALIZED_AUTOS = YES;
				GCC_WARN_UNUSED_VARIABLE = YES;
				IPHONEOS_DEPLOYMENT_TARGET = 6.0;
				OTHER_CFLAGS = "-DNS_BLOCK_ASSERTIONS=1";
				SDKROOT = iphoneos;
				TARGETED_DEVICE_FAMILY = "1,2";
				VALIDATE_PRODUCT = YES;
			};
			name = Release;
		};
		1583894B1735A5D7006DE713 /* Debug */ = {
			isa = XCBuildConfiguration;
			buildSettings = {
				GCC_PRECOMPILE_PREFIX_HEADER = YES;
				GCC_PREFIX_HEADER = "RichTextEditor/RichTextEditor-Prefix.pch";
				INFOPLIST_FILE = "RichTextEditor/RichTextEditor-Info.plist";
				PRODUCT_NAME = "$(TARGET_NAME)";
				WRAPPER_EXTENSION = app;
			};
			name = Debug;
		};
		1583894C1735A5D7006DE713 /* Release */ = {
			isa = XCBuildConfiguration;
			buildSettings = {
				GCC_PRECOMPILE_PREFIX_HEADER = YES;
				GCC_PREFIX_HEADER = "RichTextEditor/RichTextEditor-Prefix.pch";
				INFOPLIST_FILE = "RichTextEditor/RichTextEditor-Info.plist";
				PRODUCT_NAME = "$(TARGET_NAME)";
				WRAPPER_EXTENSION = app;
			};
			name = Release;
		};
		1583894E1735A5D7006DE713 /* Debug */ = {
			isa = XCBuildConfiguration;
			buildSettings = {
				BUNDLE_LOADER = "$(BUILT_PRODUCTS_DIR)/RichTextEditor.app/RichTextEditor";
				FRAMEWORK_SEARCH_PATHS = (
					"\"$(SDKROOT)/Developer/Library/Frameworks\"",
					"\"$(DEVELOPER_LIBRARY_DIR)/Frameworks\"",
				);
				GCC_PRECOMPILE_PREFIX_HEADER = YES;
				GCC_PREFIX_HEADER = "RichTextEditor/RichTextEditor-Prefix.pch";
				INFOPLIST_FILE = "RichTextEditorTests/RichTextEditorTests-Info.plist";
				PRODUCT_NAME = "$(TARGET_NAME)";
				TEST_HOST = "$(BUNDLE_LOADER)";
				WRAPPER_EXTENSION = octest;
			};
			name = Debug;
		};
		1583894F1735A5D7006DE713 /* Release */ = {
			isa = XCBuildConfiguration;
			buildSettings = {
				BUNDLE_LOADER = "$(BUILT_PRODUCTS_DIR)/RichTextEditor.app/RichTextEditor";
				FRAMEWORK_SEARCH_PATHS = (
					"\"$(SDKROOT)/Developer/Library/Frameworks\"",
					"\"$(DEVELOPER_LIBRARY_DIR)/Frameworks\"",
				);
				GCC_PRECOMPILE_PREFIX_HEADER = YES;
				GCC_PREFIX_HEADER = "RichTextEditor/RichTextEditor-Prefix.pch";
				INFOPLIST_FILE = "RichTextEditorTests/RichTextEditorTests-Info.plist";
				PRODUCT_NAME = "$(TARGET_NAME)";
				TEST_HOST = "$(BUNDLE_LOADER)";
				WRAPPER_EXTENSION = octest;
			};
			name = Release;
		};
/* End XCBuildConfiguration section */

/* Begin XCConfigurationList section */
		158389081735A5D7006DE713 /* Build configuration list for PBXProject "RichTextEditor" */ = {
			isa = XCConfigurationList;
			buildConfigurations = (
				158389481735A5D7006DE713 /* Debug */,
				158389491735A5D7006DE713 /* Release */,
			);
			defaultConfigurationIsVisible = 0;
			defaultConfigurationName = Release;
		};
		1583894A1735A5D7006DE713 /* Build configuration list for PBXNativeTarget "RichTextEditor" */ = {
			isa = XCConfigurationList;
			buildConfigurations = (
				1583894B1735A5D7006DE713 /* Debug */,
				1583894C1735A5D7006DE713 /* Release */,
			);
			defaultConfigurationIsVisible = 0;
			defaultConfigurationName = Release;
		};
		1583894D1735A5D7006DE713 /* Build configuration list for PBXNativeTarget "RichTextEditorTests" */ = {
			isa = XCConfigurationList;
			buildConfigurations = (
				1583894E1735A5D7006DE713 /* Debug */,
				1583894F1735A5D7006DE713 /* Release */,
			);
			defaultConfigurationIsVisible = 0;
			defaultConfigurationName = Release;
		};
/* End XCConfigurationList section */
	};
	rootObject = 158389051735A5D7006DE713 /* Project object */;
}
